
Microsoft Visual Studio Solution File, Format Version 12.00
# Visual Studio 2012
VisualStudioVersion = 12.0.30110.0
MinimumVisualStudioVersion = 10.0.40219.1
Project("{FAE04EC0-301F-11D3-BF4B-00C04F79EFBC}") = "CommunityCoreLibrary", "DLL_Project\CommunityCoreLibrary.csproj", "{A36BEEB2-7379-475B-B537-827E34571962}"
EndProject
Global
	GlobalSection(SolutionConfigurationPlatforms) = preSolution
		Debug|Any CPU = Debug|Any CPU
		Release|Any CPU = Release|Any CPU
		Developer|Any CPU = Developer|Any CPU
	EndGlobalSection
	GlobalSection(ProjectConfigurationPlatforms) = postSolution
		{A36BEEB2-7379-475B-B537-827E34571962}.Debug|Any CPU.ActiveCfg = Debug|Any CPU
		{A36BEEB2-7379-475B-B537-827E34571962}.Debug|Any CPU.Build.0 = Debug|Any CPU
		{A36BEEB2-7379-475B-B537-827E34571962}.Developer|Any CPU.ActiveCfg = Developer|Any CPU
		{A36BEEB2-7379-475B-B537-827E34571962}.Developer|Any CPU.Build.0 = Developer|Any CPU
		{A36BEEB2-7379-475B-B537-827E34571962}.Release|Any CPU.ActiveCfg = Release|Any CPU
		{A36BEEB2-7379-475B-B537-827E34571962}.Release|Any CPU.Build.0 = Release|Any CPU
	EndGlobalSection
	GlobalSection(MonoDevelopProperties) = preSolution
		BaseDirectory = DLL_Project
		Policies = $0
		$0.StandardHeader = $1
		$1.Text = 
		$1.IncludeInNewFiles = True
		$0.NameConventionPolicy = $2
		$2.Rules = $3
		$3.NamingRule = $4
		$4.Name = Type Parameters
		$4.AffectedEntity = TypeParameter
		$4.VisibilityMask = VisibilityMask
		$4.NamingStyle = PascalCase
		$4.IncludeInstanceMembers = True
		$4.IncludeStaticEntities = True
		$4.RequiredPrefixes = $31
		$31.String = T
		$4.RequiredSuffixes = $32
		$32.String = Exception
		$3.NamingRule = $5
		$5.Name = Types
		$5.AffectedEntity = Class, Struct, Enum, Delegate
		$5.VisibilityMask = Public
		$5.NamingStyle = PascalCase
		$5.IncludeInstanceMembers = True
		$5.IncludeStaticEntities = True
		$3.NamingRule = $6
		$6.Name = Interfaces
		$6.RequiredPrefixes = $7
		$7.String = I
		$6.AffectedEntity = Interface
		$6.VisibilityMask = Public
		$6.NamingStyle = PascalCase
		$6.IncludeInstanceMembers = True
		$6.IncludeStaticEntities = True
		$3.NamingRule = $8
		$8.Name = Attributes
		$8.RequiredSuffixes = $9
		$9.String = Attribute
		$8.AffectedEntity = CustomAttributes
		$8.VisibilityMask = Public
		$8.NamingStyle = PascalCase
		$8.IncludeInstanceMembers = True
		$8.IncludeStaticEntities = True
		$3.NamingRule = $10
		$10.Name = Event Arguments
		$10.RequiredSuffixes = $11
		$11.String = EventArgs
		$10.AffectedEntity = CustomEventArgs
		$10.VisibilityMask = Public
		$10.NamingStyle = PascalCase
		$10.IncludeInstanceMembers = True
		$10.IncludeStaticEntities = True
		$3.NamingRule = $12
		$12.Name = Exceptions
		$12.RequiredSuffixes = $13
		$13.String = Exception
		$12.AffectedEntity = CustomExceptions
		$12.VisibilityMask = VisibilityMask
		$12.NamingStyle = PascalCase
		$12.IncludeInstanceMembers = True
		$12.IncludeStaticEntities = True
		$3.NamingRule = $14
		$14.Name = Methods
		$14.AffectedEntity = Methods
		$14.VisibilityMask = Protected, Public
		$14.NamingStyle = PascalCase
		$14.IncludeInstanceMembers = True
		$14.IncludeStaticEntities = True
		$3.NamingRule = $15
		$15.Name = Static Readonly Fields
		$15.AffectedEntity = ReadonlyField
		$15.VisibilityMask = Protected, Public
		$15.NamingStyle = PascalCase
		$15.IncludeInstanceMembers = False
		$15.IncludeStaticEntities = True
		$3.NamingRule = $16
		$16.Name = Fields
		$16.AffectedEntity = Field
		$16.VisibilityMask = Protected, Public
		$16.NamingStyle = PascalCase
		$16.IncludeInstanceMembers = True
		$16.IncludeStaticEntities = True
		$3.NamingRule = $17
		$17.Name = ReadOnly Fields
		$17.AffectedEntity = ReadonlyField
		$17.VisibilityMask = Protected, Public
		$17.NamingStyle = PascalCase
		$17.IncludeInstanceMembers = True
		$17.IncludeStaticEntities = False
		$3.NamingRule = $18
		$18.Name = Constant Fields
		$18.AffectedEntity = ConstantField
		$18.VisibilityMask = Protected, Public
		$18.NamingStyle = PascalCase
		$18.IncludeInstanceMembers = True
		$18.IncludeStaticEntities = True
		$3.NamingRule = $19
		$19.Name = Properties
		$19.AffectedEntity = Property
		$19.VisibilityMask = Protected, Public
		$19.NamingStyle = PascalCase
		$19.IncludeInstanceMembers = True
		$19.IncludeStaticEntities = True
		$3.NamingRule = $20
		$20.Name = Events
		$20.AffectedEntity = Event
		$20.VisibilityMask = Protected, Public
		$20.NamingStyle = PascalCase
		$20.IncludeInstanceMembers = True
		$20.IncludeStaticEntities = True
		$3.NamingRule = $21
		$21.Name = Enum Members
		$21.AffectedEntity = EnumMember
		$21.VisibilityMask = VisibilityMask
		$21.NamingStyle = PascalCase
		$21.IncludeInstanceMembers = True
		$21.IncludeStaticEntities = True
		$3.NamingRule = $22
		$22.Name = Parameters
		$22.AffectedEntity = Parameter
		$22.VisibilityMask = VisibilityMask
		$22.NamingStyle = CamelCase
		$22.IncludeInstanceMembers = True
		$22.IncludeStaticEntities = True
		$3.NamingRule = $23
		$23.Name = Type Parameters
		$23.RequiredPrefixes = $24
		$24.String = T
		$23.AffectedEntity = TypeParameter
		$23.VisibilityMask = VisibilityMask
		$23.NamingStyle = PascalCase
		$23.IncludeInstanceMembers = True
		$23.IncludeStaticEntities = True
		$0.VersionControlPolicy = $25
		$25.CommitMessageStyle = $26
		$26.LastFilePostfix = "@:\n  "
		$26.IncludeDirectoryPaths = True
		$25.inheritsSet = Mono
		$0.DotNetNamingPolicy = $27
		$27.DirectoryNamespaceAssociation = None
		$27.ResourceNamePolicy = FileFormatDefault
		$0.TextStylePolicy = $28
		$28.inheritsSet = null
		$28.scope = text/x-csharp
		$28.FileWidth = 120
		$28.NoTabsAfterNonTabs = True
		$28.inheritsScope = text/plain
		$0.CSharpFormattingPolicy = $29
		$29.AlignEmbeddedStatements = False
		$29.SimplePropertyFormatting = ForceNewLine
		$29.AutoPropertyFormatting = ForceNewLine
		$29.IndentPreprocessorDirectives = False
		$29.PropertyBraceStyle = NextLine
		$29.PropertyGetBraceStyle = NextLine
		$29.PropertySetBraceStyle = NextLine
		$29.SimpleGetBlockFormatting = ForceNewLine
		$29.SimpleSetBlockFormatting = ForceNewLine
		$29.EventBraceStyle = NextLine
		$29.EventAddBraceStyle = NextLine
		$29.EventRemoveBraceStyle = NextLine
		$29.AllowEventAddBlockInline = False
		$29.AllowEventRemoveBlockInline = False
		$29.StatementBraceStyle = NextLine
		$29.ElseNewLinePlacement = NewLine
		$29.CatchNewLinePlacement = NewLine
		$29.FinallyNewLinePlacement = NewLine
		$29.BeforeMethodDeclarationParentheses = False
		$29.WithinMethodDeclarationParentheses = True
		$29.BeforeMethodCallParentheses = False
		$29.WithinMethodCallParentheses = True
		$29.BeforeConstructorDeclarationParentheses = False
		$29.WithinConstructorDeclarationParentheses = True
		$29.NewLineBeforeConstructorInitializerColon = SameLine
		$29.NewLineAfterConstructorInitializerColon = SameLine
		$29.BeforeIndexerDeclarationBracket = False
		$29.WithinIndexerDeclarationBracket = True
		$29.BeforeDelegateDeclarationParentheses = False
		$29.AfterDelegateDeclarationParameterComma = True
		$29.WithinDelegateDeclarationParentheses = True
		$29.NewParentheses = False
		$29.IfParentheses = False
		$29.WhileParentheses = False
		$29.ForParentheses = False
		$29.ForeachParentheses = False
		$29.CatchParentheses = False
		$29.SwitchParentheses = False
		$29.LockParentheses = False
		$29.UsingParentheses = False
		$29.WithinParentheses = True
		$29.WithinIfParentheses = True
		$29.WithinWhileParentheses = True
		$29.WithinForParentheses = True
		$29.WithinForEachParentheses = True
		$29.WithinCatchParentheses = True
		$29.WithinSwitchParentheses = True
		$29.WithinLockParentheses = True
		$29.WithinUsingParentheses = True
		$29.WithinCastParentheses = True
		$29.WithinSizeOfParentheses = True
		$29.WithinTypeOfParentheses = True
		$29.WithinNewParentheses = True
		$29.SpacesWithinBrackets = True
		$29.SpacesBeforeBrackets = False
		$29.BlankLinesBeforeFirstDeclaration = 1
		$29.NewLineAferMethodCallOpenParentheses = NewLine
		$29.MethodCallClosingParenthesesOnNewLine = NewLine
		$29.AlignToFirstMethodDeclarationParameter = False
		$29.AlignToFirstIndexerDeclarationParameter = False
		$29.inheritsSet = Mono
		$29.inheritsScope = text/x-csharp
		$29.scope = text/x-csharp
		$29.IndentSwitchSection = True
		$29.IndentSwitchCaseSection = False
		$29.NewLinesForBracesInProperties = True
		$29.NewLinesForBracesInAccessors = True
		$29.NewLinesForBracesInAnonymousMethods = True
		$29.NewLinesForBracesInControlBlocks = True
		$29.NewLinesForBracesInAnonymousTypes = True
		$29.NewLinesForBracesInObjectCollectionArrayInitializers = True
		$29.NewLinesForBracesInLambdaExpressionBody = True
		$29.NewLineForElse = True
		$29.NewLineForCatch = True
		$29.NewLineForFinally = True
		$29.SpacingAfterMethodDeclarationName = False
		$29.SpaceWithinMethodDeclarationParenthesis = True
		$29.SpaceAfterMethodCallName = False
		$29.SpaceWithinMethodCallParentheses = True
		$29.SpaceAfterControlFlowStatementKeyword = False
		$29.SpaceWithinExpressionParentheses = True
		$29.SpaceWithinOtherParentheses = True
		$29.SpaceBeforeOpenSquareBracket = False
		$29.SpaceWithinSquareBrackets = True
		$0.TextStylePolicy = $30
		$30.FileWidth = 120
		$30.NoTabsAfterNonTabs = True
		$30.inheritsSet = VisualStudio
		$30.inheritsScope = text/plain
		$30.scope = text/plain
		description = RimWorld Alpha 12 Community Core Library
		version = 0.12.7
	EndGlobalSection
	GlobalSection(SolutionProperties) = preSolution
		HideSolutionNode = FALSE
	EndGlobalSection
EndGlobal
